// !$*UTF8*$!
{
	archiveVersion = 1;
	classes = {
	};
	objectVersion = 46;
	objects = {

/* Begin PBXBuildFile section */
		34FED6A71B83FF86007E2989 /* AppDelegate.swift in Sources */ = {isa = PBXBuildFile; fileRef = 34FED6A61B83FF86007E2989 /* AppDelegate.swift */; };
		34FED6AA1B83FF86007E2989 /* LRWSilderDrawer.xcdatamodeld in Sources */ = {isa = PBXBuildFile; fileRef = 34FED6A81B83FF86007E2989 /* LRWSilderDrawer.xcdatamodeld */; };
		34FED6AC1B83FF86007E2989 /* ViewController.swift in Sources */ = {isa = PBXBuildFile; fileRef = 34FED6AB1B83FF86007E2989 /* ViewController.swift */; };
		34FED6AF1B83FF86007E2989 /* Main.storyboard in Resources */ = {isa = PBXBuildFile; fileRef = 34FED6AD1B83FF86007E2989 /* Main.storyboard */; };
		34FED6B11B83FF86007E2989 /* Images.xcassets in Resources */ = {isa = PBXBuildFile; fileRef = 34FED6B01B83FF86007E2989 /* Images.xcassets */; };
		34FED6B41B83FF86007E2989 /* LaunchScreen.xib in Resources */ = {isa = PBXBuildFile; fileRef = 34FED6B21B83FF86007E2989 /* LaunchScreen.xib */; };
		34FED6C01B83FF86007E2989 /* LRWSilderDrawerTests.swift in Sources */ = {isa = PBXBuildFile; fileRef = 34FED6BF1B83FF86007E2989 /* LRWSilderDrawerTests.swift */; };
/* End PBXBuildFile section */

/* Begin PBXContainerItemProxy section */
		34FED6BA1B83FF86007E2989 /* PBXContainerItemProxy */ = {
			isa = PBXContainerItemProxy;
			containerPortal = 34FED6991B83FF86007E2989 /* Project object */;
			proxyType = 1;
			remoteGlobalIDString = 34FED6A01B83FF86007E2989;
			remoteInfo = LRWSilderDrawer;
		};
/* End PBXContainerItemProxy section */

/* Begin PBXFileReference section */
		34FED6A11B83FF86007E2989 /* LRWSilderDrawer.app */ = {isa = PBXFileReference; explicitFileType = wrapper.application; includeInIndex = 0; path = LRWSilderDrawer.app; sourceTree = BUILT_PRODUCTS_DIR; };
		34FED6A51B83FF86007E2989 /* Info.plist */ = {isa = PBXFileReference; lastKnownFileType = text.plist.xml; path = Info.plist; sourceTree = "<group>"; };
		34FED6A61B83FF86007E2989 /* AppDelegate.swift */ = {isa = PBXFileReference; lastKnownFileType = sourcecode.swift; path = AppDelegate.swift; sourceTree = "<group>"; };
		34FED6A91B83FF86007E2989 /* LRWSilderDrawer.xcdatamodel */ = {isa = PBXFileReference; lastKnownFileType = wrapper.xcdatamodel; path = LRWSilderDrawer.xcdatamodel; sourceTree = "<group>"; };
		34FED6AB1B83FF86007E2989 /* ViewController.swift */ = {isa = PBXFileReference; lastKnownFileType = sourcecode.swift; path = ViewController.swift; sourceTree = "<group>"; };
		34FED6AE1B83FF86007E2989 /* Base */ = {isa = PBXFileReference; lastKnownFileType = file.storyboard; name = Base; path = Base.lproj/Main.storyboard; sourceTree = "<group>"; };
		34FED6B01B83FF86007E2989 /* Images.xcassets */ = {isa = PBXFileReference; lastKnownFileType = folder.assetcatalog; path = Images.xcassets; sourceTree = "<group>"; };
		34FED6B31B83FF86007E2989 /* Base */ = {isa = PBXFileReference; lastKnownFileType = file.xib; name = Base; path = Base.lproj/LaunchScreen.xib; sourceTree = "<group>"; };
		34FED6B91B83FF86007E2989 /* LRWSilderDrawerTests.xctest */ = {isa = PBXFileReference; explicitFileType = wrapper.cfbundle; includeInIndex = 0; path = LRWSilderDrawerTests.xctest; sourceTree = BUILT_PRODUCTS_DIR; };
		34FED6BE1B83FF86007E2989 /* Info.plist */ = {isa = PBXFileReference; lastKnownFileType = text.plist.xml; path = Info.plist; sourceTree = "<group>"; };
		34FED6BF1B83FF86007E2989 /* LRWSilderDrawerTests.swift */ = {isa = PBXFileReference; lastKnownFileType = sourcecode.swift; path = LRWSilderDrawerTests.swift; sourceTree = "<group>"; };
/* End PBXFileReference section */

/* Begin PBXFrameworksBuildPhase section */
		34FED69E1B83FF86007E2989 /* Frameworks */ = {
			isa = PBXFrameworksBuildPhase;
			buildActionMask = 2147483647;
			files = (
			);
			runOnlyForDeploymentPostprocessing = 0;
		};
		34FED6B61B83FF86007E2989 /* Frameworks */ = {
			isa = PBXFrameworksBuildPhase;
			buildActionMask = 2147483647;
			files = (
			);
			runOnlyForDeploymentPostprocessing = 0;
		};
/* End PBXFrameworksBuildPhase section */

/* Begin PBXGroup section */
		34FED6981B83FF86007E2989 = {
			isa = PBXGroup;
			children = (
				34FED6A31B83FF86007E2989 /* LRWSilderDrawer */,
				34FED6BC1B83FF86007E2989 /* LRWSilderDrawerTests */,
				34FED6A21B83FF86007E2989 /* Products */,
			);
			sourceTree = "<group>";
		};
		34FED6A21B83FF86007E2989 /* Products */ = {
			isa = PBXGroup;
			children = (
				34FED6A11B83FF86007E2989 /* LRWSilderDrawer.app */,
				34FED6B91B83FF86007E2989 /* LRWSilderDrawerTests.xctest */,
			);
			name = Products;
			sourceTree = "<group>";
		};
		34FED6A31B83FF86007E2989 /* LRWSilderDrawer */ = {
			isa = PBXGroup;
			children = (
				34FED6A61B83FF86007E2989 /* AppDelegate.swift */,
				34FED6AB1B83FF86007E2989 /* ViewController.swift */,
				34FED6AD1B83FF86007E2989 /* Main.storyboard */,
				34FED6B01B83FF86007E2989 /* Images.xcassets */,
				34FED6B21B83FF86007E2989 /* LaunchScreen.xib */,
				34FED6A81B83FF86007E2989 /* LRWSilderDrawer.xcdatamodeld */,
				34FED6A41B83FF86007E2989 /* Supporting Files */,
			);
			path = LRWSilderDrawer;
			sourceTree = "<group>";
		};
		34FED6A41B83FF86007E2989 /* Supporting Files */ = {
			isa = PBXGroup;
			children = (
				34FED6A51B83FF86007E2989 /* Info.plist */,
			);
			name = "Supporting Files";
			sourceTree = "<group>";
		};
		34FED6BC1B83FF86007E2989 /* LRWSilderDrawerTests */ = {
			isa = PBXGroup;
			children = (
				34FED6BF1B83FF86007E2989 /* LRWSilderDrawerTests.swift */,
				34FED6BD1B83FF86007E2989 /* Supporting Files */,
			);
			path = LRWSilderDrawerTests;
			sourceTree = "<group>";
		};
		34FED6BD1B83FF86007E2989 /* Supporting Files */ = {
			isa = PBXGroup;
			children = (
				34FED6BE1B83FF86007E2989 /* Info.plist */,
			);
			name = "Supporting Files";
			sourceTree = "<group>";
		};
/* End PBXGroup section */

/* Begin PBXNativeTarget section */
		34FED6A01B83FF86007E2989 /* LRWSilderDrawer */ = {
			isa = PBXNativeTarget;
			buildConfigurationList = 34FED6C31B83FF86007E2989 /* Build configuration list for PBXNativeTarget "LRWSilderDrawer" */;
			buildPhases = (
				34FED69D1B83FF86007E2989 /* Sources */,
				34FED69E1B83FF86007E2989 /* Frameworks */,
				34FED69F1B83FF86007E2989 /* Resources */,
			);
			buildRules = (
			);
			dependencies = (
			);
			name = LRWSilderDrawer;
			productName = LRWSilderDrawer;
			productReference = 34FED6A11B83FF86007E2989 /* LRWSilderDrawer.app */;
			productType = "com.apple.product-type.application";
		};
		34FED6B81B83FF86007E2989 /* LRWSilderDrawerTests */ = {
			isa = PBXNativeTarget;
			buildConfigurationList = 34FED6C61B83FF86007E2989 /* Build configuration list for PBXNativeTarget "LRWSilderDrawerTests" */;
			buildPhases = (
				34FED6B51B83FF86007E2989 /* Sources */,
				34FED6B61B83FF86007E2989 /* Frameworks */,
				34FED6B71B83FF86007E2989 /* Resources */,
			);
			buildRules = (
			);
			dependencies = (
				34FED6BB1B83FF86007E2989 /* PBXTargetDependency */,
			);
			name = LRWSilderDrawerTests;
			productName = LRWSilderDrawerTests;
			productReference = 34FED6B91B83FF86007E2989 /* LRWSilderDrawerTests.xctest */;
			productType = "com.apple.product-type.bundle.unit-test";
		};
/* End PBXNativeTarget section */

/* Begin PBXProject section */
		34FED6991B83FF86007E2989 /* Project object */ = {
			isa = PBXProject;
			attributes = {
				LastUpgradeCheck = 0640;
				ORGANIZATIONNAME = WSY;
				TargetAttributes = {
					34FED6A01B83FF86007E2989 = {
						CreatedOnToolsVersion = 6.4;
					};
					34FED6B81B83FF86007E2989 = {
						CreatedOnToolsVersion = 6.4;
						TestTargetID = 34FED6A01B83FF86007E2989;
					};
				};
			};
			buildConfigurationList = 34FED69C1B83FF86007E2989 /* Build configuration list for PBXProject "LRWSilderDrawer" */;
			compatibilityVersion = "Xcode 3.2";
			developmentRegion = English;
			hasScannedForEncodings = 0;
			knownRegions = (
				en,
				Base,
			);
			mainGroup = 34FED6981B83FF86007E2989;
			productRefGroup = 34FED6A21B83FF86007E2989 /* Products */;
			projectDirPath = "";
			projectRoot = "";
			targets = (
				34FED6A01B83FF86007E2989 /* LRWSilderDrawer */,
				34FED6B81B83FF86007E2989 /* LRWSilderDrawerTests */,
			);
		};
/* End PBXProject section */

/* Begin PBXResourcesBuildPhase section */
		34FED69F1B83FF86007E2989 /* Resources */ = {
			isa = PBXResourcesBuildPhase;
			buildActionMask = 2147483647;
			files = (
				34FED6AF1B83FF86007E2989 /* Main.storyboard in Resources */,
				34FED6B41B83FF86007E2989 /* LaunchScreen.xib in Resources */,
				34FED6B11B83FF86007E2989 /* Images.xcassets in Resources */,
			);
			runOnlyForDeploymentPostprocessing = 0;
		};
		34FED6B71B83FF86007E2989 /* Resources */ = {
			isa = PBXResourcesBuildPhase;
			buildActionMask = 2147483647;
			files = (
			);
			runOnlyForDeploymentPostprocessing = 0;
		};
/* End PBXResourcesBuildPhase section */

/* Begin PBXSourcesBuildPhase section */
		34FED69D1B83FF86007E2989 /* Sources */ = {
			isa = PBXSourcesBuildPhase;
			buildActionMask = 2147483647;
			files = (
				34FED6AC1B83FF86007E2989 /* ViewController.swift in Sources */,
				34FED6A71B83FF86007E2989 /* AppDelegate.swift in Sources */,
				34FED6AA1B83FF86007E2989 /* LRWSilderDrawer.xcdatamodeld in Sources */,
			);
			runOnlyForDeploymentPostprocessing = 0;
		};
		34FED6B51B83FF86007E2989 /* Sources */ = {
			isa = PBXSourcesBuildPhase;
			buildActionMask = 2147483647;
			files = (
				34FED6C01B83FF86007E2989 /* LRWSilderDrawerTests.swift in Sources */,
			);
			runOnlyForDeploymentPostprocessing = 0;
		};
/* End PBXSourcesBuildPhase section */

/* Begin PBXTargetDependency section */
		34FED6BB1B83FF86007E2989 /* PBXTargetDependency */ = {
			isa = PBXTargetDependency;
			target = 34FED6A01B83FF86007E2989 /* LRWSilderDrawer */;
			targetProxy = 34FED6BA1B83FF86007E2989 /* PBXContainerItemProxy */;
		};
/* End PBXTargetDependency section */

/* Begin PBXVariantGroup section */
		34FED6AD1B83FF86007E2989 /* Main.storyboard */ = {
			isa = PBXVariantGroup;
			children = (
				34FED6AE1B83FF86007E2989 /* Base */,
			);
			name = Main.storyboard;
			sourceTree = "<group>";
		};
		34FED6B21B83FF86007E2989 /* LaunchScreen.xib */ = {
			isa = PBXVariantGroup;
			children = (
				34FED6B31B83FF86007E2989 /* Base */,
			);
			name = LaunchScreen.xib;
			sourceTree = "<group>";
		};
/* End PBXVariantGroup section */

/* Begin XCBuildConfiguration section */
		34FED6C11B83FF86007E2989 /* Debug */ = {
			isa = XCBuildConfiguration;
			buildSettings = {
				ALWAYS_SEARCH_USER_PATHS = NO;
				CLANG_CXX_LANGUAGE_STANDARD = "gnu++0x";
				CLANG_CXX_LIBRARY = "libc++";
				CLANG_ENABLE_MODULES = YES;
				CLANG_ENABLE_OBJC_ARC = YES;
				CLANG_WARN_BOOL_CONVERSION = YES;
				CLANG_WARN_CONSTANT_CONVERSION = YES;
				CLANG_WARN_DIRECT_OBJC_ISA_USAGE = YES_ERROR;
				CLANG_WARN_EMPTY_BODY = YES;
				CLANG_WARN_ENUM_CONVERSION = YES;
				CLANG_WARN_INT_CONVERSION = YES;
				CLANG_WARN_OBJC_ROOT_CLASS = YES_ERROR;
				CLANG_WARN_UNREACHABLE_CODE = YES;
				CLANG_WARN__DUPLICATE_METHOD_MATCH = YES;
				"CODE_SIGN_IDENTITY[sdk=iphoneos*]" = "iPhone Developer";
				COPY_PHASE_STRIP = NO;
				DEBUG_INFORMATION_FORMAT = "dwarf-with-dsym";
				ENABLE_STRICT_OBJC_MSGSEND = YES;
				GCC_C_LANGUAGE_STANDARD = gnu99;
				GCC_DYNAMIC_NO_PIC = NO;
				GCC_NO_COMMON_BLOCKS = YES;
				GCC_OPTIMIZATION_LEVEL = 0;
				GCC_PREPROCESSOR_DEFINITIONS = (
					"DEBUG=1",
					"$(inherited)",
				);
				GCC_SYMBOLS_PRIVATE_EXTERN = NO;
				GCC_WARN_64_TO_32_BIT_CONVERSION = YES;
				GCC_WARN_ABOUT_RETURN_TYPE = YES_ERROR;
				GCC_WARN_UNDECLARED_SELECTOR = YES;
				GCC_WARN_UNINITIALIZED_AUTOS = YES_AGGRESSIVE;
				GCC_WARN_UNUSED_FUNCTION = YES;
				GCC_WARN_UNUSED_VARIABLE = YES;
				IPHONEOS_DEPLOYMENT_TARGET = 8.4;
				MTL_ENABLE_DEBUG_INFO = YES;
				ONLY_ACTIVE_ARCH = YES;
				SDKROOT = iphoneos;
				SWIFT_OPTIMIZATION_LEVEL = "-Onone";
			};
			name = Debug;
		};
		34FED6C21B83FF86007E2989 /* Release */ = {
			isa = XCBuildConfiguration;
			buildSettings = {
				ALWAYS_SEARCH_USER_PATHS = NO;
				CLANG_CXX_LANGUAGE_STANDARD = "gnu++0x";
				CLANG_CXX_LIBRARY = "libc++";
				CLANG_ENABLE_MODULES = YES;
				CLANG_ENABLE_OBJC_ARC = YES;
				CLANG_WARN_BOOL_CONVERSION = YES;
				CLANG_WARN_CONSTANT_CONVERSION = YES;
				CLANG_WARN_DIRECT_OBJC_ISA_USAGE = YES_ERROR;
				CLANG_WARN_EMPTY_BODY = YES;
				CLANG_WARN_ENUM_CONVERSION = YES;
				CLANG_WARN_INT_CONVERSION = YES;
				CLANG_WARN_OBJC_ROOT_CLASS = YES_ERROR;
				CLANG_WARN_UNREACHABLE_CODE = YES;
				CLANG_WARN__DUPLICATE_METHOD_MATCH = YES;
				"CODE_SIGN_IDENTITY[sdk=iphoneos*]" = "iPhone Developer";
				COPY_PHASE_STRIP = NO;
				DEBUG_INFORMATION_FORMAT = "dwarf-with-dsym";
				ENABLE_NS_ASSERTIONS = NO;
				ENABLE_STRICT_OBJC_MSGSEND = YES;
				GCC_C_LANGUAGE_STANDARD = gnu99;
				GCC_NO_COMMON_BLOCKS = YES;
				GCC_WARN_64_TO_32_BIT_CONVERSION = YES;
				GCC_WARN_ABOUT_RETURN_TYPE = YES_ERROR;
				GCC_WARN_UNDECLARED_SELECTOR = YES;
				GCC_WARN_UNINITIALIZED_AUTOS = YES_AGGRESSIVE;
				GCC_WARN_UNUSED_FUNCTION = YES;
				GCC_WARN_UNUSED_VARIABLE = YES;
				IPHONEOS_DEPLOYMENT_TARGET = 8.4;
				MTL_ENABLE_DEBUG_INFO = NO;
				SDKROOT = iphoneos;
				VALIDATE_PRODUCT = YES;
			};
			name = Release;
		};
		34FED6C41B83FF86007E2989 /* Debug */ = {
			isa = XCBuildConfiguration;
			buildSettings = {
				ASSETCATALOG_COMPILER_APPICON_NAME = AppIcon;
				INFOPLIST_FILE = LRWSilderDrawer/Info.plist;
				LD_RUNPATH_SEARCH_PATHS = "$(inherited) @executable_path/Frameworks";
				PRODUCT_NAME = "$(TARGET_NAME)";
			};
			name = Debug;
		};
		34FED6C51B83FF86007E2989 /* Release */ = {
			isa = XCBuildConfiguration;
			buildSettings = {
				ASSETCATALOG_COMPILER_APPICON_NAME = AppIcon;
				INFOPLIST_FILE = LRWSilderDrawer/Info.plist;
				LD_RUNPATH_SEARCH_PATHS = "$(inherited) @executable_path/Frameworks";
				PRODUCT_NAME = "$(TARGET_NAME)";
			};
			name = Release;
		};
		34FED6C71B83FF86007E2989 /* Debug */ = {
			isa = XCBuildConfiguration;
			buildSettings = {
				BUNDLE_LOADER = "$(TEST_HOST)";
				FRAMEWORK_SEARCH_PATHS = (
					"$(SDKROOT)/Developer/Library/Frameworks",
					"$(inherited)",
				);
				GCC_PREPROCESSOR_DEFINITIONS = (
					"DEBUG=1",
					"$(inherited)",
				);
				INFOPLIST_FILE = LRWSilderDrawerTests/Info.plist;
				LD_RUNPATH_SEARCH_PATHS = "$(inherited) @executable_path/Frameworks @loader_path/Frameworks";
				PRODUCT_NAME = "$(TARGET_NAME)";
				TEST_HOST = "$(BUILT_PRODUCTS_DIR)/LRWSilderDrawer.app/LRWSilderDrawer";
			};
			name = Debug;
		};
		34FED6C81B83FF86007E2989 /* Release */ = {
			isa = XCBuildConfiguration;
			buildSettings = {
				BUNDLE_LOADER = "$(TEST_HOST)";
				FRAMEWORK_SEARCH_PATHS = (
					"$(SDKROOT)/Developer/Library/Frameworks",
					"$(inherited)",
				);
				INFOPLIST_FILE = LRWSilderDrawerTests/Info.plist;
				LD_RUNPATH_SEARCH_PATHS = "$(inherited) @executable_path/Frameworks @loader_path/Frameworks";
				PRODUCT_NAME = "$(TARGET_NAME)";
				TEST_HOST = "$(BUILT_PRODUCTS_DIR)/LRWSilderDrawer.app/LRWSilderDrawer";
			};
			name = Release;
		};
/* End XCBuildConfiguration section */

/* Begin XCConfigurationList section */
		34FED69C1B83FF86007E2989 /* Build configuration list for PBXProject "LRWSilderDrawer" */ = {
			isa = XCConfigurationList;
			buildConfigurations = (
				34FED6C11B83FF86007E2989 /* Debug */,
				34FED6C21B83FF86007E2989 /* Release */,
			);
			defaultConfigurationIsVisible = 0;
			defaultConfigurationName = Release;
		};
		34FED6C31B83FF86007E2989 /* Build configuration list for PBXNativeTarget "LRWSilderDrawer" */ = {
			isa = XCConfigurationList;
			buildConfigurations = (
				34FED6C41B83FF86007E2989 /* Debug */,
				34FED6C51B83FF86007E2989 /* Release */,
			);
			defaultConfigurationIsVisible = 0;
		};
		34FED6C61B83FF86007E2989 /* Build configuration list for PBXNativeTarget "LRWSilderDrawerTests" */ = {
			isa = XCConfigurationList;
			buildConfigurations = (
				34FED6C71B83FF86007E2989 /* Debug */,
				34FED6C81B83FF86007E2989 /* Release */,
			);
			defaultConfigurationIsVisible = 0;
		};
/* End XCConfigurationList section */

/* Begin XCVersionGroup section */
		34FED6A81B83FF86007E2989 /* LRWSilderDrawer.xcdatamodeld */ = {
			isa = XCVersionGroup;
			children = (
				34FED6A91B83FF86007E2989 /* LRWSilderDrawer.xcdatamodel */,
			);
			currentVersion = 34FED6A91B83FF86007E2989 /* LRWSilderDrawer.xcdatamodel */;
			path = LRWSilderDrawer.xcdatamodeld;
			sourceTree = "<group>";
			versionGroupType = wrapper.xcdatamodel;
		};
/* End XCVersionGroup section */
	};
	rootObject = 34FED6991B83FF86007E2989 /* Project object */;
}
